
Microsoft Visual Studio Solution File, Format Version 12.00
# Visual Studio Version 16
VisualStudioVersion = 16.0.31605.320
MinimumVisualStudioVersion = 10.0.40219.1
Project("{FAE04EC0-301F-11D3-BF4B-00C04F79EFBC}") = "H3_WrittenReport_Example", "H3_WrittenReport_Example\H3_WrittenReport_Example.csproj", "{EDC2E969-015E-43B2-BF34-61A6685150AF}"
EndProject
Global
	GlobalSection(SolutionConfigurationPlatforms) = preSolution
		Debug|Any CPU = Debug|Any CPU
		Release|Any CPU = Release|Any CPU
	EndGlobalSection
	GlobalSection(ProjectConfigurationPlatforms) = postSolution
		{EDC2E969-015E-43B2-BF34-61A6685150AF}.Debug|Any CPU.ActiveCfg = Debug|Any CPU
		{EDC2E969-015E-43B2-BF34-61A6685150AF}.Debug|Any CPU.Build.0 = Debug|Any CPU
		{EDC2E969-015E-43B2-BF34-61A6685150AF}.Release|Any CPU.ActiveCfg = Release|Any CPU
		{EDC2E969-015E-43B2-BF34-61A6685150AF}.Release|Any CPU.Build.0 = Release|Any CPU
	EndGlobalSection
	GlobalSection(SolutionProperties) = preSolution
		HideSolutionNode = FALSE
	EndGlobalSection
	GlobalSection(ExtensibilityGlobals) = postSolution
		SolutionGuid = {28B95D65-4598-441B-A284-9EE3E0410A9E}
	EndGlobalSection
EndGlobal
